
Microsoft Visual Studio Solution File, Format Version 12.00
# Visual Studio Version 17
VisualStudioVersion = 17.0.31903.59
MinimumVisualStudioVersion = 10.0.40219.1
Project("{2150E333-8FDC-42A3-9474-1A3956D46DE8}") = "01Hello", "01Hello", "{53D39CBB-3DBD-46A2-9D2A-F4E5F611525A}"
EndProject
Project("{FAE04EC0-301F-11D3-BF4B-00C04F79EFBC}") = "HelloWold", "01Hello\HelloWold\HelloWold.csproj", "{1EF611B4-AB75-4533-AFB9-7E31C60EA654}"
EndProject
Project("{2150E333-8FDC-42A3-9474-1A3956D46DE8}") = "02HelloDI", "02HelloDI", "{E11C7D31-4043-48D1-92D4-F17476297C69}"
EndProject
Project("{FAE04EC0-301F-11D3-BF4B-00C04F79EFBC}") = "HelloDI", "02HelloDI\HelloDI\HelloDI.csproj", "{BBCA0692-D031-4FC3-A0A5-7D43250ED9FE}"
EndProject
Global
	GlobalSection(SolutionConfigurationPlatforms) = preSolution
		Debug|Any CPU = Debug|Any CPU
		Release|Any CPU = Release|Any CPU
	EndGlobalSection
	GlobalSection(SolutionProperties) = preSolution
		HideSolutionNode = FALSE
	EndGlobalSection
	GlobalSection(ProjectConfigurationPlatforms) = postSolution
		{1EF611B4-AB75-4533-AFB9-7E31C60EA654}.Debug|Any CPU.ActiveCfg = Debug|Any CPU
		{1EF611B4-AB75-4533-AFB9-7E31C60EA654}.Debug|Any CPU.Build.0 = Debug|Any CPU
		{1EF611B4-AB75-4533-AFB9-7E31C60EA654}.Release|Any CPU.ActiveCfg = Release|Any CPU
		{1EF611B4-AB75-4533-AFB9-7E31C60EA654}.Release|Any CPU.Build.0 = Release|Any CPU
		{BBCA0692-D031-4FC3-A0A5-7D43250ED9FE}.Debug|Any CPU.ActiveCfg = Debug|Any CPU
		{BBCA0692-D031-4FC3-A0A5-7D43250ED9FE}.Debug|Any CPU.Build.0 = Debug|Any CPU
		{BBCA0692-D031-4FC3-A0A5-7D43250ED9FE}.Release|Any CPU.ActiveCfg = Release|Any CPU
		{BBCA0692-D031-4FC3-A0A5-7D43250ED9FE}.Release|Any CPU.Build.0 = Release|Any CPU
	EndGlobalSection
	GlobalSection(NestedProjects) = preSolution
		{1EF611B4-AB75-4533-AFB9-7E31C60EA654} = {53D39CBB-3DBD-46A2-9D2A-F4E5F611525A}
		{BBCA0692-D031-4FC3-A0A5-7D43250ED9FE} = {E11C7D31-4043-48D1-92D4-F17476297C69}
	EndGlobalSection
EndGlobal
